
Microsoft Visual Studio Solution File, Format Version 12.00
# Visual Studio 15
VisualStudioVersion = 15.0.28307.1300
MinimumVisualStudioVersion = 10.0.40219.1
Project("{FAE04EC0-301F-11D3-BF4B-00C04F79EFBC}") = "FirstWindowsFormApp", "FirstWindowsFormApp\FirstWindowsFormApp.csproj", "{696A9955-E028-4904-A935-F9C51E6174BD}"
EndProject
Global
	GlobalSection(SolutionConfigurationPlatforms) = preSolution
		Debug|Any CPU = Debug|Any CPU
		Release|Any CPU = Release|Any CPU
	EndGlobalSection
	GlobalSection(ProjectConfigurationPlatforms) = postSolution
		{696A9955-E028-4904-A935-F9C51E6174BD}.Debug|Any CPU.ActiveCfg = Debug|Any CPU
		{696A9955-E028-4904-A935-F9C51E6174BD}.Debug|Any CPU.Build.0 = Debug|Any CPU
		{696A9955-E028-4904-A935-F9C51E6174BD}.Release|Any CPU.ActiveCfg = Release|Any CPU
		{696A9955-E028-4904-A935-F9C51E6174BD}.Release|Any CPU.Build.0 = Release|Any CPU
	EndGlobalSection
	GlobalSection(SolutionProperties) = preSolution
		HideSolutionNode = FALSE
	EndGlobalSection
	GlobalSection(ExtensibilityGlobals) = postSolution
		SolutionGuid = {FED02A3C-FEF7-4B98-BD01-BBE4E972E5B3}
	EndGlobalSection
EndGlobal
